// !$*UTF8*$!
{
	archiveVersion = 1;
	classes = {
	};
	objectVersion = 55;
	objects = {

/* Begin PBXBuildFile section */
		1D48601827A4037200ABE381 /* GoogleService-Info.plist in Resources */ = {isa = PBXBuildFile; fileRef = 1D48601727A4037200ABE381 /* GoogleService-Info.plist */; };
		1D48601B27A4062900ABE381 /* FirebaseAuth in Frameworks */ = {isa = PBXBuildFile; productRef = 1D48601A27A4062900ABE381 /* FirebaseAuth */; };
		1D48601D27A4062900ABE381 /* FirebaseFirestore in Frameworks */ = {isa = PBXBuildFile; productRef = 1D48601C27A4062900ABE381 /* FirebaseFirestore */; };
		1D48601F27A4062900ABE381 /* FirebaseFirestoreSwift-Beta in Frameworks */ = {isa = PBXBuildFile; productRef = 1D48601E27A4062900ABE381 /* FirebaseFirestoreSwift-Beta */; };
		1D48602127A4062900ABE381 /* FirebaseStorage in Frameworks */ = {isa = PBXBuildFile; productRef = 1D48602027A4062900ABE381 /* FirebaseStorage */; };
		1D48602327A4090000ABE381 /* AuthenticationViewModel.swift in Sources */ = {isa = PBXBuildFile; fileRef = 1D48602227A4090000ABE381 /* AuthenticationViewModel.swift */; };
		1D4B667B2799794F00F33EB4 /* TwitterCloneApp.swift in Sources */ = {isa = PBXBuildFile; fileRef = 1D4B667A2799794F00F33EB4 /* TwitterCloneApp.swift */; };
		1D4B667F2799795200F33EB4 /* Assets.xcassets in Resources */ = {isa = PBXBuildFile; fileRef = 1D4B667E2799795200F33EB4 /* Assets.xcassets */; };
		1D4B66822799795200F33EB4 /* Preview Assets.xcassets in Resources */ = {isa = PBXBuildFile; fileRef = 1D4B66812799795200F33EB4 /* Preview Assets.xcassets */; };
		1D4B669227997B8800F33EB4 /* FeedView.swift in Sources */ = {isa = PBXBuildFile; fileRef = 1D4B669127997B8800F33EB4 /* FeedView.swift */; };
		1D4B669427997C0A00F33EB4 /* TweetRowView.swift in Sources */ = {isa = PBXBuildFile; fileRef = 1D4B669327997C0A00F33EB4 /* TweetRowView.swift */; };
		1D4B66972799824200F33EB4 /* MainTabView.swift in Sources */ = {isa = PBXBuildFile; fileRef = 1D4B66962799824200F33EB4 /* MainTabView.swift */; };
		1D4B669D2799835300F33EB4 /* ExploreView.swift in Sources */ = {isa = PBXBuildFile; fileRef = 1D4B669C2799835300F33EB4 /* ExploreView.swift */; };
		1D4B669F2799836400F33EB4 /* NotificationsView.swift in Sources */ = {isa = PBXBuildFile; fileRef = 1D4B669E2799836400F33EB4 /* NotificationsView.swift */; };
		1D4B66A12799837200F33EB4 /* MessagesView.swift in Sources */ = {isa = PBXBuildFile; fileRef = 1D4B66A02799837200F33EB4 /* MessagesView.swift */; };
		1D4B66A32799837E00F33EB4 /* ProfileView.swift in Sources */ = {isa = PBXBuildFile; fileRef = 1D4B66A22799837E00F33EB4 /* ProfileView.swift */; };
		1D52E37D279A50B200FAF376 /* TwitFilterViewModel.swift in Sources */ = {isa = PBXBuildFile; fileRef = 1D52E37C279A50B200FAF376 /* TwitFilterViewModel.swift */; };
		1D52E385279B8FFA00FAF376 /* UserRowView.swift in Sources */ = {isa = PBXBuildFile; fileRef = 1D52E384279B8FFA00FAF376 /* UserRowView.swift */; };
		1D533996279EB9240098E9FA /* NewTweetView.swift in Sources */ = {isa = PBXBuildFile; fileRef = 1D533995279EB9240098E9FA /* NewTweetView.swift */; };
		1D533998279EBA030098E9FA /* TextArea.swift in Sources */ = {isa = PBXBuildFile; fileRef = 1D533997279EBA030098E9FA /* TextArea.swift */; };
		1D53399D279FD87E0098E9FA /* LoginView.swift in Sources */ = {isa = PBXBuildFile; fileRef = 1D53399C279FD87E0098E9FA /* LoginView.swift */; };
		1D53399F279FE1EA0098E9FA /* RoundedShape.swift in Sources */ = {isa = PBXBuildFile; fileRef = 1D53399E279FE1EA0098E9FA /* RoundedShape.swift */; };
		1D5339A1279FE9B90098E9FA /* RegistrationView.swift in Sources */ = {isa = PBXBuildFile; fileRef = 1D5339A0279FE9B90098E9FA /* RegistrationView.swift */; };
		1D5339A3279FEAD00098E9FA /* CustomTextField.swift in Sources */ = {isa = PBXBuildFile; fileRef = 1D5339A2279FEAD00098E9FA /* CustomTextField.swift */; };
		1D5EFA7D27A978CF003509D4 /* DataUploader.swift in Sources */ = {isa = PBXBuildFile; fileRef = 1D5EFA7C27A978CF003509D4 /* DataUploader.swift */; };
		1D73C41327B10B3300F7A16C /* TweetService.swift in Sources */ = {isa = PBXBuildFile; fileRef = 1D73C41227B10B3300F7A16C /* TweetService.swift */; };
		1D73C41527B112B200F7A16C /* UploadTweetViewModel.swift in Sources */ = {isa = PBXBuildFile; fileRef = 1D73C41427B112B200F7A16C /* UploadTweetViewModel.swift */; };
		1D7FA29927A7B1E1000369CE /* ProfilePhotoSelectionView.swift in Sources */ = {isa = PBXBuildFile; fileRef = 1D7FA29827A7B1E1000369CE /* ProfilePhotoSelectionView.swift */; };
		1D7FA29D27A7C023000369CE /* ImagePicker.swift in Sources */ = {isa = PBXBuildFile; fileRef = 1D7FA29C27A7C023000369CE /* ImagePicker.swift */; };
		1D922B2127AA67CC00106AD9 /* UserService.swift in Sources */ = {isa = PBXBuildFile; fileRef = 1D922B2027AA67CC00106AD9 /* UserService.swift */; };
		1D922B2527AA697200106AD9 /* TwitterUser.swift in Sources */ = {isa = PBXBuildFile; fileRef = 1D922B2427AA697200106AD9 /* TwitterUser.swift */; };
		1D98C46927AFBC0200C6B44F /* SearchBar.swift in Sources */ = {isa = PBXBuildFile; fileRef = 1D98C46827AFBC0200C6B44F /* SearchBar.swift */; };
		1D9C24C827ACEFDF00BFC8D7 /* Kingfisher in Frameworks */ = {isa = PBXBuildFile; productRef = 1D9C24C727ACEFDF00BFC8D7 /* Kingfisher */; };
		1D9C24CC27AE504F00BFC8D7 /* ExploreViewModel.swift in Sources */ = {isa = PBXBuildFile; fileRef = 1D9C24CB27AE504F00BFC8D7 /* ExploreViewModel.swift */; };
		1DEB635927A2B90A008D510E /* AuthenticationHeaderView.swift in Sources */ = {isa = PBXBuildFile; fileRef = 1DEB635827A2B90A008D510E /* AuthenticationHeaderView.swift */; };
		1DFCEFAB279D389700B8D1BB /* SideMenuView.swift in Sources */ = {isa = PBXBuildFile; fileRef = 1DFCEFAA279D389700B8D1BB /* SideMenuView.swift */; };
		1DFCEFAD279D38A700B8D1BB /* SideMenuRowView.swift in Sources */ = {isa = PBXBuildFile; fileRef = 1DFCEFAC279D38A700B8D1BB /* SideMenuRowView.swift */; };
		1DFCEFAF279D38B600B8D1BB /* SideMenuViewModel.swift in Sources */ = {isa = PBXBuildFile; fileRef = 1DFCEFAE279D38B600B8D1BB /* SideMenuViewModel.swift */; };
		1DFCEFB1279D3A4B00B8D1BB /* UserStatsView.swift in Sources */ = {isa = PBXBuildFile; fileRef = 1DFCEFB0279D3A4B00B8D1BB /* UserStatsView.swift */; };
		1DFCEFB4279D46C300B8D1BB /* ContentView.swift in Sources */ = {isa = PBXBuildFile; fileRef = 1DFCEFB3279D46C300B8D1BB /* ContentView.swift */; };
/* End PBXBuildFile section */

/* Begin PBXFileReference section */
		1D48601727A4037200ABE381 /* GoogleService-Info.plist */ = {isa = PBXFileReference; fileEncoding = 4; lastKnownFileType = text.plist.xml; path = "GoogleService-Info.plist"; sourceTree = "<group>"; };
		1D48602227A4090000ABE381 /* AuthenticationViewModel.swift */ = {isa = PBXFileReference; lastKnownFileType = sourcecode.swift; path = AuthenticationViewModel.swift; sourceTree = "<group>"; };
		1D4B66772799794F00F33EB4 /* TwitterClone.app */ = {isa = PBXFileReference; explicitFileType = wrapper.application; includeInIndex = 0; path = TwitterClone.app; sourceTree = BUILT_PRODUCTS_DIR; };
		1D4B667A2799794F00F33EB4 /* TwitterCloneApp.swift */ = {isa = PBXFileReference; lastKnownFileType = sourcecode.swift; path = TwitterCloneApp.swift; sourceTree = "<group>"; };
		1D4B667E2799795200F33EB4 /* Assets.xcassets */ = {isa = PBXFileReference; lastKnownFileType = folder.assetcatalog; path = Assets.xcassets; sourceTree = "<group>"; };
		1D4B66812799795200F33EB4 /* Preview Assets.xcassets */ = {isa = PBXFileReference; lastKnownFileType = folder.assetcatalog; path = "Preview Assets.xcassets"; sourceTree = "<group>"; };
		1D4B669127997B8800F33EB4 /* FeedView.swift */ = {isa = PBXFileReference; lastKnownFileType = sourcecode.swift; path = FeedView.swift; sourceTree = "<group>"; };
		1D4B669327997C0A00F33EB4 /* TweetRowView.swift */ = {isa = PBXFileReference; lastKnownFileType = sourcecode.swift; path = TweetRowView.swift; sourceTree = "<group>"; };
		1D4B66962799824200F33EB4 /* MainTabView.swift */ = {isa = PBXFileReference; lastKnownFileType = sourcecode.swift; path = MainTabView.swift; sourceTree = "<group>"; };
		1D4B669C2799835300F33EB4 /* ExploreView.swift */ = {isa = PBXFileReference; lastKnownFileType = sourcecode.swift; path = ExploreView.swift; sourceTree = "<group>"; };
		1D4B669E2799836400F33EB4 /* NotificationsView.swift */ = {isa = PBXFileReference; lastKnownFileType = sourcecode.swift; path = NotificationsView.swift; sourceTree = "<group>"; };
		1D4B66A02799837200F33EB4 /* MessagesView.swift */ = {isa = PBXFileReference; lastKnownFileType = sourcecode.swift; path = MessagesView.swift; sourceTree = "<group>"; };
		1D4B66A22799837E00F33EB4 /* ProfileView.swift */ = {isa = PBXFileReference; lastKnownFileType = sourcecode.swift; path = ProfileView.swift; sourceTree = "<group>"; };
		1D52E37C279A50B200FAF376 /* TwitFilterViewModel.swift */ = {isa = PBXFileReference; lastKnownFileType = sourcecode.swift; path = TwitFilterViewModel.swift; sourceTree = "<group>"; };
		1D52E384279B8FFA00FAF376 /* UserRowView.swift */ = {isa = PBXFileReference; lastKnownFileType = sourcecode.swift; path = UserRowView.swift; sourceTree = "<group>"; };
		1D533995279EB9240098E9FA /* NewTweetView.swift */ = {isa = PBXFileReference; lastKnownFileType = sourcecode.swift; path = NewTweetView.swift; sourceTree = "<group>"; };
		1D533997279EBA030098E9FA /* TextArea.swift */ = {isa = PBXFileReference; lastKnownFileType = sourcecode.swift; path = TextArea.swift; sourceTree = "<group>"; };
		1D53399C279FD87E0098E9FA /* LoginView.swift */ = {isa = PBXFileReference; lastKnownFileType = sourcecode.swift; path = LoginView.swift; sourceTree = "<group>"; };
		1D53399E279FE1EA0098E9FA /* RoundedShape.swift */ = {isa = PBXFileReference; lastKnownFileType = sourcecode.swift; path = RoundedShape.swift; sourceTree = "<group>"; };
		1D5339A0279FE9B90098E9FA /* RegistrationView.swift */ = {isa = PBXFileReference; lastKnownFileType = sourcecode.swift; path = RegistrationView.swift; sourceTree = "<group>"; };
		1D5339A2279FEAD00098E9FA /* CustomTextField.swift */ = {isa = PBXFileReference; lastKnownFileType = sourcecode.swift; path = CustomTextField.swift; sourceTree = "<group>"; };
		1D5EFA7C27A978CF003509D4 /* DataUploader.swift */ = {isa = PBXFileReference; lastKnownFileType = sourcecode.swift; path = DataUploader.swift; sourceTree = "<group>"; };
		1D73C41227B10B3300F7A16C /* TweetService.swift */ = {isa = PBXFileReference; lastKnownFileType = sourcecode.swift; path = TweetService.swift; sourceTree = "<group>"; };
		1D73C41427B112B200F7A16C /* UploadTweetViewModel.swift */ = {isa = PBXFileReference; lastKnownFileType = sourcecode.swift; path = UploadTweetViewModel.swift; sourceTree = "<group>"; };
		1D7FA29827A7B1E1000369CE /* ProfilePhotoSelectionView.swift */ = {isa = PBXFileReference; lastKnownFileType = sourcecode.swift; path = ProfilePhotoSelectionView.swift; sourceTree = "<group>"; };
		1D7FA29C27A7C023000369CE /* ImagePicker.swift */ = {isa = PBXFileReference; lastKnownFileType = sourcecode.swift; path = ImagePicker.swift; sourceTree = "<group>"; };
		1D922B2027AA67CC00106AD9 /* UserService.swift */ = {isa = PBXFileReference; lastKnownFileType = sourcecode.swift; path = UserService.swift; sourceTree = "<group>"; };
		1D922B2427AA697200106AD9 /* TwitterUser.swift */ = {isa = PBXFileReference; lastKnownFileType = sourcecode.swift; path = TwitterUser.swift; sourceTree = "<group>"; };
		1D98C46827AFBC0200C6B44F /* SearchBar.swift */ = {isa = PBXFileReference; lastKnownFileType = sourcecode.swift; path = SearchBar.swift; sourceTree = "<group>"; };
		1D9C24CB27AE504F00BFC8D7 /* ExploreViewModel.swift */ = {isa = PBXFileReference; lastKnownFileType = sourcecode.swift; path = ExploreViewModel.swift; sourceTree = "<group>"; };
		1DEB635827A2B90A008D510E /* AuthenticationHeaderView.swift */ = {isa = PBXFileReference; lastKnownFileType = sourcecode.swift; path = AuthenticationHeaderView.swift; sourceTree = "<group>"; };
		1DFCEFAA279D389700B8D1BB /* SideMenuView.swift */ = {isa = PBXFileReference; lastKnownFileType = sourcecode.swift; path = SideMenuView.swift; sourceTree = "<group>"; };
		1DFCEFAC279D38A700B8D1BB /* SideMenuRowView.swift */ = {isa = PBXFileReference; lastKnownFileType = sourcecode.swift; path = SideMenuRowView.swift; sourceTree = "<group>"; };
		1DFCEFAE279D38B600B8D1BB /* SideMenuViewModel.swift */ = {isa = PBXFileReference; lastKnownFileType = sourcecode.swift; path = SideMenuViewModel.swift; sourceTree = "<group>"; };
		1DFCEFB0279D3A4B00B8D1BB /* UserStatsView.swift */ = {isa = PBXFileReference; lastKnownFileType = sourcecode.swift; path = UserStatsView.swift; sourceTree = "<group>"; };
		1DFCEFB3279D46C300B8D1BB /* ContentView.swift */ = {isa = PBXFileReference; lastKnownFileType = sourcecode.swift; path = ContentView.swift; sourceTree = "<group>"; };
/* End PBXFileReference section */

/* Begin PBXFrameworksBuildPhase section */
		1D4B66742799794F00F33EB4 /* Frameworks */ = {
			isa = PBXFrameworksBuildPhase;
			buildActionMask = 2147483647;
			files = (
				1D48601F27A4062900ABE381 /* FirebaseFirestoreSwift-Beta in Frameworks */,
				1D48602127A4062900ABE381 /* FirebaseStorage in Frameworks */,
				1D48601B27A4062900ABE381 /* FirebaseAuth in Frameworks */,
				1D48601D27A4062900ABE381 /* FirebaseFirestore in Frameworks */,
				1D9C24C827ACEFDF00BFC8D7 /* Kingfisher in Frameworks */,
			);
			runOnlyForDeploymentPostprocessing = 0;
		};
/* End PBXFrameworksBuildPhase section */

/* Begin PBXGroup section */
		1D4B666E2799794F00F33EB4 = {
			isa = PBXGroup;
			children = (
				1D4B66792799794F00F33EB4 /* TwitterClone */,
				1D4B66782799794F00F33EB4 /* Products */,
				1D922B2627AA742800106AD9 /* Frameworks */,
			);
			sourceTree = "<group>";
		};
		1D4B66782799794F00F33EB4 /* Products */ = {
			isa = PBXGroup;
			children = (
				1D4B66772799794F00F33EB4 /* TwitterClone.app */,
			);
			name = Products;
			sourceTree = "<group>";
		};
		1D4B66792799794F00F33EB4 /* TwitterClone */ = {
			isa = PBXGroup;
			children = (
				1D48601727A4037200ABE381 /* GoogleService-Info.plist */,
				1D4B6688279979DE00F33EB4 /* Extensions */,
				1D4B6689279979E200F33EB4 /* Model */,
				1D4B668A279979E500F33EB4 /* Service */,
				1D4B668B279979E800F33EB4 /* Core */,
				1D4B667A2799794F00F33EB4 /* TwitterCloneApp.swift */,
				1DFCEFB3279D46C300B8D1BB /* ContentView.swift */,
				1D4B667E2799795200F33EB4 /* Assets.xcassets */,
				1D4B66802799795200F33EB4 /* Preview Content */,
			);
			path = TwitterClone;
			sourceTree = "<group>";
		};
		1D4B66802799795200F33EB4 /* Preview Content */ = {
			isa = PBXGroup;
			children = (
				1D4B66812799795200F33EB4 /* Preview Assets.xcassets */,
			);
			path = "Preview Content";
			sourceTree = "<group>";
		};
		1D4B6688279979DE00F33EB4 /* Extensions */ = {
			isa = PBXGroup;
			children = (
			);
			path = Extensions;
			sourceTree = "<group>";
		};
		1D4B6689279979E200F33EB4 /* Model */ = {
			isa = PBXGroup;
			children = (
				1D922B2427AA697200106AD9 /* TwitterUser.swift */,
			);
			path = Model;
			sourceTree = "<group>";
		};
		1D4B668A279979E500F33EB4 /* Service */ = {
			isa = PBXGroup;
			children = (
				1D5EFA7C27A978CF003509D4 /* DataUploader.swift */,
				1D922B2027AA67CC00106AD9 /* UserService.swift */,
				1D73C41227B10B3300F7A16C /* TweetService.swift */,
			);
			path = Service;
			sourceTree = "<group>";
		};
		1D4B668B279979E800F33EB4 /* Core */ = {
			isa = PBXGroup;
			children = (
				1D4B668C279979EB00F33EB4 /* Components */,
				1DEB635727A2B8F1008D510E /* Authentication */,
				1D533992279EB90E0098E9FA /* UploadTweet */,
				1DFCEFA7279D387D00B8D1BB /* SideMenu */,
				1D4B669B2799833000F33EB4 /* Profile */,
				1D4B669A279982DE00F33EB4 /* Messages */,
				1D4B6699279982D700F33EB4 /* Notifications */,
				1D4B6698279982D000F33EB4 /* Explore */,
				1D4B66952799823500F33EB4 /* MainTab */,
				1D4B668D279979F000F33EB4 /* Feed */,
				1D533999279FD85F0098E9FA /* Authentication */,
			);
			path = Core;
			sourceTree = "<group>";
		};
		1D4B668C279979EB00F33EB4 /* Components */ = {
			isa = PBXGroup;
			children = (
				1D7FA29B27A7BFF3000369CE /* Utils */,
				1D52E381279B8FDF00FAF376 /* Tweets */,
				1D52E380279B8FDC00FAF376 /* Users */,
			);
			path = Components;
			sourceTree = "<group>";
		};
		1D4B668D279979F000F33EB4 /* Feed */ = {
			isa = PBXGroup;
			children = (
				1D4B668F27997A2400F33EB4 /* Views */,
				1D4B668E27997A2000F33EB4 /* ViewModels */,
			);
			path = Feed;
			sourceTree = "<group>";
		};
		1D4B668E27997A2000F33EB4 /* ViewModels */ = {
			isa = PBXGroup;
			children = (
			);
			path = ViewModels;
			sourceTree = "<group>";
		};
		1D4B668F27997A2400F33EB4 /* Views */ = {
			isa = PBXGroup;
			children = (
				1D4B669127997B8800F33EB4 /* FeedView.swift */,
			);
			path = Views;
			sourceTree = "<group>";
		};
		1D4B66952799823500F33EB4 /* MainTab */ = {
			isa = PBXGroup;
			children = (
				1D4B66962799824200F33EB4 /* MainTabView.swift */,
			);
			path = MainTab;
			sourceTree = "<group>";
		};
		1D4B6698279982D000F33EB4 /* Explore */ = {
			isa = PBXGroup;
			children = (
				1D52E37F279B8FBD00FAF376 /* ViewModels */,
				1D52E37E279B8FBB00FAF376 /* Views */,
			);
			path = Explore;
			sourceTree = "<group>";
		};
		1D4B6699279982D700F33EB4 /* Notifications */ = {
			isa = PBXGroup;
			children = (
				1D4B669E2799836400F33EB4 /* NotificationsView.swift */,
			);
			path = Notifications;
			sourceTree = "<group>";
		};
		1D4B669A279982DE00F33EB4 /* Messages */ = {
			isa = PBXGroup;
			children = (
				1D4B66A02799837200F33EB4 /* MessagesView.swift */,
			);
			path = Messages;
			sourceTree = "<group>";
		};
		1D4B669B2799833000F33EB4 /* Profile */ = {
			isa = PBXGroup;
			children = (
				1D52E379279A4A7D00FAF376 /* ViewModels */,
				1D52E37A279A4A8000FAF376 /* Views */,
			);
			path = Profile;
			sourceTree = "<group>";
		};
		1D52E379279A4A7D00FAF376 /* ViewModels */ = {
			isa = PBXGroup;
			children = (
				1D52E37C279A50B200FAF376 /* TwitFilterViewModel.swift */,
			);
			path = ViewModels;
			sourceTree = "<group>";
		};
		1D52E37A279A4A8000FAF376 /* Views */ = {
			isa = PBXGroup;
			children = (
				1D4B66A22799837E00F33EB4 /* ProfileView.swift */,
			);
			path = Views;
			sourceTree = "<group>";
		};
		1D52E37E279B8FBB00FAF376 /* Views */ = {
			isa = PBXGroup;
			children = (
				1D4B669C2799835300F33EB4 /* ExploreView.swift */,
			);
			path = Views;
			sourceTree = "<group>";
		};
		1D52E37F279B8FBD00FAF376 /* ViewModels */ = {
			isa = PBXGroup;
			children = (
				1D9C24CB27AE504F00BFC8D7 /* ExploreViewModel.swift */,
			);
			path = ViewModels;
			sourceTree = "<group>";
		};
		1D52E380279B8FDC00FAF376 /* Users */ = {
			isa = PBXGroup;
			children = (
				1D52E384279B8FFA00FAF376 /* UserRowView.swift */,
				1DFCEFB0279D3A4B00B8D1BB /* UserStatsView.swift */,
			);
			path = Users;
			sourceTree = "<group>";
		};
		1D52E381279B8FDF00FAF376 /* Tweets */ = {
			isa = PBXGroup;
			children = (
				1D4B669327997C0A00F33EB4 /* TweetRowView.swift */,
				1D53399E279FE1EA0098E9FA /* RoundedShape.swift */,
				1D5339A2279FEAD00098E9FA /* CustomTextField.swift */,
				1D98C46827AFBC0200C6B44F /* SearchBar.swift */,
			);
			path = Tweets;
			sourceTree = "<group>";
		};
		1D533992279EB90E0098E9FA /* UploadTweet */ = {
			isa = PBXGroup;
			children = (
				1D533994279EB91C0098E9FA /* ViewModels */,
				1D533993279EB9180098E9FA /* Views */,
			);
			path = UploadTweet;
			sourceTree = "<group>";
		};
		1D533993279EB9180098E9FA /* Views */ = {
			isa = PBXGroup;
			children = (
				1D533995279EB9240098E9FA /* NewTweetView.swift */,
				1D533997279EBA030098E9FA /* TextArea.swift */,
			);
			path = Views;
			sourceTree = "<group>";
		};
		1D533994279EB91C0098E9FA /* ViewModels */ = {
			isa = PBXGroup;
			children = (
				1D73C41427B112B200F7A16C /* UploadTweetViewModel.swift */,
			);
			path = ViewModels;
			sourceTree = "<group>";
		};
		1D533999279FD85F0098E9FA /* Authentication */ = {
			isa = PBXGroup;
			children = (
				1D53399B279FD8680098E9FA /* Views */,
				1D53399A279FD8650098E9FA /* ViewModels */,
			);
			path = Authentication;
			sourceTree = "<group>";
		};
		1D53399A279FD8650098E9FA /* ViewModels */ = {
			isa = PBXGroup;
			children = (
				1D48602227A4090000ABE381 /* AuthenticationViewModel.swift */,
			);
			path = ViewModels;
			sourceTree = "<group>";
		};
		1D53399B279FD8680098E9FA /* Views */ = {
			isa = PBXGroup;
			children = (
				1D53399C279FD87E0098E9FA /* LoginView.swift */,
				1D5339A0279FE9B90098E9FA /* RegistrationView.swift */,
				1D7FA29827A7B1E1000369CE /* ProfilePhotoSelectionView.swift */,
			);
			path = Views;
			sourceTree = "<group>";
		};
		1D7FA29B27A7BFF3000369CE /* Utils */ = {
			isa = PBXGroup;
			children = (
				1D7FA29C27A7C023000369CE /* ImagePicker.swift */,
			);
			path = Utils;
			sourceTree = "<group>";
		};
		1D922B2627AA742800106AD9 /* Frameworks */ = {
			isa = PBXGroup;
			children = (
			);
			name = Frameworks;
			sourceTree = "<group>";
		};
		1DEB635727A2B8F1008D510E /* Authentication */ = {
			isa = PBXGroup;
			children = (
				1DEB635827A2B90A008D510E /* AuthenticationHeaderView.swift */,
			);
			name = Authentication;
			path = Components/Authentication;
			sourceTree = "<group>";
		};
		1DFCEFA7279D387D00B8D1BB /* SideMenu */ = {
			isa = PBXGroup;
			children = (
				1DFCEFA9279D388D00B8D1BB /* Views */,
				1DFCEFA8279D388900B8D1BB /* ViewModels */,
			);
			path = SideMenu;
			sourceTree = "<group>";
		};
		1DFCEFA8279D388900B8D1BB /* ViewModels */ = {
			isa = PBXGroup;
			children = (
				1DFCEFAE279D38B600B8D1BB /* SideMenuViewModel.swift */,
			);
			path = ViewModels;
			sourceTree = "<group>";
		};
		1DFCEFA9279D388D00B8D1BB /* Views */ = {
			isa = PBXGroup;
			children = (
				1DFCEFAA279D389700B8D1BB /* SideMenuView.swift */,
				1DFCEFAC279D38A700B8D1BB /* SideMenuRowView.swift */,
			);
			path = Views;
			sourceTree = "<group>";
		};
/* End PBXGroup section */

/* Begin PBXNativeTarget section */
		1D4B66762799794F00F33EB4 /* TwitterClone */ = {
			isa = PBXNativeTarget;
			buildConfigurationList = 1D4B66852799795200F33EB4 /* Build configuration list for PBXNativeTarget "TwitterClone" */;
			buildPhases = (
				1D4B66732799794F00F33EB4 /* Sources */,
				1D4B66742799794F00F33EB4 /* Frameworks */,
				1D4B66752799794F00F33EB4 /* Resources */,
			);
			buildRules = (
			);
			dependencies = (
			);
			name = TwitterClone;
			packageProductDependencies = (
				1D48601A27A4062900ABE381 /* FirebaseAuth */,
				1D48601C27A4062900ABE381 /* FirebaseFirestore */,
				1D48601E27A4062900ABE381 /* FirebaseFirestoreSwift-Beta */,
				1D48602027A4062900ABE381 /* FirebaseStorage */,
				1D9C24C727ACEFDF00BFC8D7 /* Kingfisher */,
			);
			productName = TwitterClone;
			productReference = 1D4B66772799794F00F33EB4 /* TwitterClone.app */;
			productType = "com.apple.product-type.application";
		};
/* End PBXNativeTarget section */

/* Begin PBXProject section */
		1D4B666F2799794F00F33EB4 /* Project object */ = {
			isa = PBXProject;
			attributes = {
				BuildIndependentTargetsInParallel = 1;
				LastSwiftUpdateCheck = 1300;
				LastUpgradeCheck = 1300;
				TargetAttributes = {
					1D4B66762799794F00F33EB4 = {
						CreatedOnToolsVersion = 13.0;
					};
				};
			};
			buildConfigurationList = 1D4B66722799794F00F33EB4 /* Build configuration list for PBXProject "TwitterClone" */;
			compatibilityVersion = "Xcode 13.0";
			developmentRegion = en;
			hasScannedForEncodings = 0;
			knownRegions = (
				en,
				Base,
			);
			mainGroup = 1D4B666E2799794F00F33EB4;
			packageReferences = (
				1D48601927A4062900ABE381 /* XCRemoteSwiftPackageReference "firebase-ios-sdk" */,
				1D9C24C627ACEFDF00BFC8D7 /* XCRemoteSwiftPackageReference "Kingfisher" */,
			);
			productRefGroup = 1D4B66782799794F00F33EB4 /* Products */;
			projectDirPath = "";
			projectRoot = "";
			targets = (
				1D4B66762799794F00F33EB4 /* TwitterClone */,
			);
		};
/* End PBXProject section */

/* Begin PBXResourcesBuildPhase section */
		1D4B66752799794F00F33EB4 /* Resources */ = {
			isa = PBXResourcesBuildPhase;
			buildActionMask = 2147483647;
			files = (
				1D4B66822799795200F33EB4 /* Preview Assets.xcassets in Resources */,
				1D48601827A4037200ABE381 /* GoogleService-Info.plist in Resources */,
				1D4B667F2799795200F33EB4 /* Assets.xcassets in Resources */,
			);
			runOnlyForDeploymentPostprocessing = 0;
		};
/* End PBXResourcesBuildPhase section */

/* Begin PBXSourcesBuildPhase section */
		1D4B66732799794F00F33EB4 /* Sources */ = {
			isa = PBXSourcesBuildPhase;
			buildActionMask = 2147483647;
			files = (
				1D4B66A32799837E00F33EB4 /* ProfileView.swift in Sources */,
				1D52E37D279A50B200FAF376 /* TwitFilterViewModel.swift in Sources */,
				1D922B2127AA67CC00106AD9 /* UserService.swift in Sources */,
				1D7FA29D27A7C023000369CE /* ImagePicker.swift in Sources */,
				1D4B669427997C0A00F33EB4 /* TweetRowView.swift in Sources */,
				1D4B669227997B8800F33EB4 /* FeedView.swift in Sources */,
				1D5EFA7D27A978CF003509D4 /* DataUploader.swift in Sources */,
				1DFCEFAB279D389700B8D1BB /* SideMenuView.swift in Sources */,
				1DFCEFAD279D38A700B8D1BB /* SideMenuRowView.swift in Sources */,
				1D4B667B2799794F00F33EB4 /* TwitterCloneApp.swift in Sources */,
				1D922B2527AA697200106AD9 /* TwitterUser.swift in Sources */,
				1DEB635927A2B90A008D510E /* AuthenticationHeaderView.swift in Sources */,
				1D9C24CC27AE504F00BFC8D7 /* ExploreViewModel.swift in Sources */,
				1D48602327A4090000ABE381 /* AuthenticationViewModel.swift in Sources */,
				1DFCEFB1279D3A4B00B8D1BB /* UserStatsView.swift in Sources */,
				1D73C41527B112B200F7A16C /* UploadTweetViewModel.swift in Sources */,
				1D73C41327B10B3300F7A16C /* TweetService.swift in Sources */,
				1D4B66972799824200F33EB4 /* MainTabView.swift in Sources */,
				1DFCEFAF279D38B600B8D1BB /* SideMenuViewModel.swift in Sources */,
				1D98C46927AFBC0200C6B44F /* SearchBar.swift in Sources */,
				1D533998279EBA030098E9FA /* TextArea.swift in Sources */,
				1D52E385279B8FFA00FAF376 /* UserRowView.swift in Sources */,
				1D53399D279FD87E0098E9FA /* LoginView.swift in Sources */,
				1D533996279EB9240098E9FA /* NewTweetView.swift in Sources */,
				1D5339A3279FEAD00098E9FA /* CustomTextField.swift in Sources */,
				1D53399F279FE1EA0098E9FA /* RoundedShape.swift in Sources */,
				1DFCEFB4279D46C300B8D1BB /* ContentView.swift in Sources */,
				1D4B66A12799837200F33EB4 /* MessagesView.swift in Sources */,
				1D4B669D2799835300F33EB4 /* ExploreView.swift in Sources */,
				1D4B669F2799836400F33EB4 /* NotificationsView.swift in Sources */,
				1D7FA29927A7B1E1000369CE /* ProfilePhotoSelectionView.swift in Sources */,
				1D5339A1279FE9B90098E9FA /* RegistrationView.swift in Sources */,
			);
			runOnlyForDeploymentPostprocessing = 0;
		};
/* End PBXSourcesBuildPhase section */

/* Begin XCBuildConfiguration section */
		1D4B66832799795200F33EB4 /* Debug */ = {
			isa = XCBuildConfiguration;
			buildSettings = {
				ALWAYS_SEARCH_USER_PATHS = NO;
				CLANG_ANALYZER_NONNULL = YES;
				CLANG_ANALYZER_NUMBER_OBJECT_CONVERSION = YES_AGGRESSIVE;
				CLANG_CXX_LANGUAGE_STANDARD = "gnu++17";
				CLANG_CXX_LIBRARY = "libc++";
				CLANG_ENABLE_MODULES = YES;
				CLANG_ENABLE_OBJC_ARC = YES;
				CLANG_ENABLE_OBJC_WEAK = YES;
				CLANG_WARN_BLOCK_CAPTURE_AUTORELEASING = YES;
				CLANG_WARN_BOOL_CONVERSION = YES;
				CLANG_WARN_COMMA = YES;
				CLANG_WARN_CONSTANT_CONVERSION = YES;
				CLANG_WARN_DEPRECATED_OBJC_IMPLEMENTATIONS = YES;
				CLANG_WARN_DIRECT_OBJC_ISA_USAGE = YES_ERROR;
				CLANG_WARN_DOCUMENTATION_COMMENTS = YES;
				CLANG_WARN_EMPTY_BODY = YES;
				CLANG_WARN_ENUM_CONVERSION = YES;
				CLANG_WARN_INFINITE_RECURSION = YES;
				CLANG_WARN_INT_CONVERSION = YES;
				CLANG_WARN_NON_LITERAL_NULL_CONVERSION = YES;
				CLANG_WARN_OBJC_IMPLICIT_RETAIN_SELF = YES;
				CLANG_WARN_OBJC_LITERAL_CONVERSION = YES;
				CLANG_WARN_OBJC_ROOT_CLASS = YES_ERROR;
				CLANG_WARN_QUOTED_INCLUDE_IN_FRAMEWORK_HEADER = YES;
				CLANG_WARN_RANGE_LOOP_ANALYSIS = YES;
				CLANG_WARN_STRICT_PROTOTYPES = YES;
				CLANG_WARN_SUSPICIOUS_MOVE = YES;
				CLANG_WARN_UNGUARDED_AVAILABILITY = YES_AGGRESSIVE;
				CLANG_WARN_UNREACHABLE_CODE = YES;
				CLANG_WARN__DUPLICATE_METHOD_MATCH = YES;
				COPY_PHASE_STRIP = NO;
				DEBUG_INFORMATION_FORMAT = dwarf;
				ENABLE_STRICT_OBJC_MSGSEND = YES;
				ENABLE_TESTABILITY = YES;
				GCC_C_LANGUAGE_STANDARD = gnu11;
				GCC_DYNAMIC_NO_PIC = NO;
				GCC_NO_COMMON_BLOCKS = YES;
				GCC_OPTIMIZATION_LEVEL = 0;
				GCC_PREPROCESSOR_DEFINITIONS = (
					"DEBUG=1",
					"$(inherited)",
				);
				GCC_WARN_64_TO_32_BIT_CONVERSION = YES;
				GCC_WARN_ABOUT_RETURN_TYPE = YES_ERROR;
				GCC_WARN_UNDECLARED_SELECTOR = YES;
				GCC_WARN_UNINITIALIZED_AUTOS = YES_AGGRESSIVE;
				GCC_WARN_UNUSED_FUNCTION = YES;
				GCC_WARN_UNUSED_VARIABLE = YES;
				IPHONEOS_DEPLOYMENT_TARGET = 15.0;
				MTL_ENABLE_DEBUG_INFO = INCLUDE_SOURCE;
				MTL_FAST_MATH = YES;
				ONLY_ACTIVE_ARCH = YES;
				SDKROOT = iphoneos;
				SWIFT_ACTIVE_COMPILATION_CONDITIONS = DEBUG;
				SWIFT_OPTIMIZATION_LEVEL = "-Onone";
			};
			name = Debug;
		};
		1D4B66842799795200F33EB4 /* Release */ = {
			isa = XCBuildConfiguration;
			buildSettings = {
				ALWAYS_SEARCH_USER_PATHS = NO;
				CLANG_ANALYZER_NONNULL = YES;
				CLANG_ANALYZER_NUMBER_OBJECT_CONVERSION = YES_AGGRESSIVE;
				CLANG_CXX_LANGUAGE_STANDARD = "gnu++17";
				CLANG_CXX_LIBRARY = "libc++";
				CLANG_ENABLE_MODULES = YES;
				CLANG_ENABLE_OBJC_ARC = YES;
				CLANG_ENABLE_OBJC_WEAK = YES;
				CLANG_WARN_BLOCK_CAPTURE_AUTORELEASING = YES;
				CLANG_WARN_BOOL_CONVERSION = YES;
				CLANG_WARN_COMMA = YES;
				CLANG_WARN_CONSTANT_CONVERSION = YES;
				CLANG_WARN_DEPRECATED_OBJC_IMPLEMENTATIONS = YES;
				CLANG_WARN_DIRECT_OBJC_ISA_USAGE = YES_ERROR;
				CLANG_WARN_DOCUMENTATION_COMMENTS = YES;
				CLANG_WARN_EMPTY_BODY = YES;
				CLANG_WARN_ENUM_CONVERSION = YES;
				CLANG_WARN_INFINITE_RECURSION = YES;
				CLANG_WARN_INT_CONVERSION = YES;
				CLANG_WARN_NON_LITERAL_NULL_CONVERSION = YES;
				CLANG_WARN_OBJC_IMPLICIT_RETAIN_SELF = YES;
				CLANG_WARN_OBJC_LITERAL_CONVERSION = YES;
				CLANG_WARN_OBJC_ROOT_CLASS = YES_ERROR;
				CLANG_WARN_QUOTED_INCLUDE_IN_FRAMEWORK_HEADER = YES;
				CLANG_WARN_RANGE_LOOP_ANALYSIS = YES;
				CLANG_WARN_STRICT_PROTOTYPES = YES;
				CLANG_WARN_SUSPICIOUS_MOVE = YES;
				CLANG_WARN_UNGUARDED_AVAILABILITY = YES_AGGRESSIVE;
				CLANG_WARN_UNREACHABLE_CODE = YES;
				CLANG_WARN__DUPLICATE_METHOD_MATCH = YES;
				COPY_PHASE_STRIP = NO;
				DEBUG_INFORMATION_FORMAT = "dwarf-with-dsym";
				ENABLE_NS_ASSERTIONS = NO;
				ENABLE_STRICT_OBJC_MSGSEND = YES;
				GCC_C_LANGUAGE_STANDARD = gnu11;
				GCC_NO_COMMON_BLOCKS = YES;
				GCC_WARN_64_TO_32_BIT_CONVERSION = YES;
				GCC_WARN_ABOUT_RETURN_TYPE = YES_ERROR;
				GCC_WARN_UNDECLARED_SELECTOR = YES;
				GCC_WARN_UNINITIALIZED_AUTOS = YES_AGGRESSIVE;
				GCC_WARN_UNUSED_FUNCTION = YES;
				GCC_WARN_UNUSED_VARIABLE = YES;
				IPHONEOS_DEPLOYMENT_TARGET = 15.0;
				MTL_ENABLE_DEBUG_INFO = NO;
				MTL_FAST_MATH = YES;
				SDKROOT = iphoneos;
				SWIFT_COMPILATION_MODE = wholemodule;
				SWIFT_OPTIMIZATION_LEVEL = "-O";
				VALIDATE_PRODUCT = YES;
			};
			name = Release;
		};
		1D4B66862799795200F33EB4 /* Debug */ = {
			isa = XCBuildConfiguration;
			buildSettings = {
				ASSETCATALOG_COMPILER_APPICON_NAME = AppIcon;
				ASSETCATALOG_COMPILER_GLOBAL_ACCENT_COLOR_NAME = AccentColor;
				CODE_SIGN_STYLE = Automatic;
				CURRENT_PROJECT_VERSION = 1;
				DEVELOPMENT_ASSET_PATHS = "\"TwitterClone/Preview Content\"";
				DEVELOPMENT_TEAM = 5HZQ3M82FA;
				ENABLE_PREVIEWS = YES;
				GENERATE_INFOPLIST_FILE = YES;
				INFOPLIST_KEY_UIApplicationSceneManifest_Generation = YES;
				INFOPLIST_KEY_UIApplicationSupportsIndirectInputEvents = YES;
				INFOPLIST_KEY_UILaunchScreen_Generation = YES;
				INFOPLIST_KEY_UISupportedInterfaceOrientations_iPad = "UIInterfaceOrientationPortrait UIInterfaceOrientationPortraitUpsideDown UIInterfaceOrientationLandscapeLeft UIInterfaceOrientationLandscapeRight";
				INFOPLIST_KEY_UISupportedInterfaceOrientations_iPhone = "UIInterfaceOrientationPortrait UIInterfaceOrientationLandscapeLeft UIInterfaceOrientationLandscapeRight";
				IPHONEOS_DEPLOYMENT_TARGET = 15.0;
				LD_RUNPATH_SEARCH_PATHS = (
					"$(inherited)",
					"@executable_path/Frameworks",
				);
				MARKETING_VERSION = 1.0;
				PRODUCT_BUNDLE_IDENTIFIER = com.seunghun.TwitterClone;
				PRODUCT_NAME = "$(TARGET_NAME)";
				SWIFT_EMIT_LOC_STRINGS = YES;
				SWIFT_VERSION = 5.0;
				TARGETED_DEVICE_FAMILY = "1,2";
			};
			name = Debug;
		};
		1D4B66872799795200F33EB4 /* Release */ = {
			isa = XCBuildConfiguration;
			buildSettings = {
				ASSETCATALOG_COMPILER_APPICON_NAME = AppIcon;
				ASSETCATALOG_COMPILER_GLOBAL_ACCENT_COLOR_NAME = AccentColor;
				CODE_SIGN_STYLE = Automatic;
				CURRENT_PROJECT_VERSION = 1;
				DEVELOPMENT_ASSET_PATHS = "\"TwitterClone/Preview Content\"";
				DEVELOPMENT_TEAM = 5HZQ3M82FA;
				ENABLE_PREVIEWS = YES;
				GENERATE_INFOPLIST_FILE = YES;
				INFOPLIST_KEY_UIApplicationSceneManifest_Generation = YES;
				INFOPLIST_KEY_UIApplicationSupportsIndirectInputEvents = YES;
				INFOPLIST_KEY_UILaunchScreen_Generation = YES;
				INFOPLIST_KEY_UISupportedInterfaceOrientations_iPad = "UIInterfaceOrientationPortrait UIInterfaceOrientationPortraitUpsideDown UIInterfaceOrientationLandscapeLeft UIInterfaceOrientationLandscapeRight";
				INFOPLIST_KEY_UISupportedInterfaceOrientations_iPhone = "UIInterfaceOrientationPortrait UIInterfaceOrientationLandscapeLeft UIInterfaceOrientationLandscapeRight";
				IPHONEOS_DEPLOYMENT_TARGET = 15.0;
				LD_RUNPATH_SEARCH_PATHS = (
					"$(inherited)",
					"@executable_path/Frameworks",
				);
				MARKETING_VERSION = 1.0;
				PRODUCT_BUNDLE_IDENTIFIER = com.seunghun.TwitterClone;
				PRODUCT_NAME = "$(TARGET_NAME)";
				SWIFT_EMIT_LOC_STRINGS = YES;
				SWIFT_VERSION = 5.0;
				TARGETED_DEVICE_FAMILY = "1,2";
			};
			name = Release;
		};
/* End XCBuildConfiguration section */

/* Begin XCConfigurationList section */
		1D4B66722799794F00F33EB4 /* Build configuration list for PBXProject "TwitterClone" */ = {
			isa = XCConfigurationList;
			buildConfigurations = (
				1D4B66832799795200F33EB4 /* Debug */,
				1D4B66842799795200F33EB4 /* Release */,
			);
			defaultConfigurationIsVisible = 0;
			defaultConfigurationName = Release;
		};
		1D4B66852799795200F33EB4 /* Build configuration list for PBXNativeTarget "TwitterClone" */ = {
			isa = XCConfigurationList;
			buildConfigurations = (
				1D4B66862799795200F33EB4 /* Debug */,
				1D4B66872799795200F33EB4 /* Release */,
			);
			defaultConfigurationIsVisible = 0;
			defaultConfigurationName = Release;
		};
/* End XCConfigurationList section */

/* Begin XCRemoteSwiftPackageReference section */
		1D48601927A4062900ABE381 /* XCRemoteSwiftPackageReference "firebase-ios-sdk" */ = {
			isa = XCRemoteSwiftPackageReference;
			repositoryURL = "https://github.com/firebase/firebase-ios-sdk.git";
			requirement = {
				kind = upToNextMajorVersion;
				minimumVersion = 8.0.0;
			};
		};
		1D9C24C627ACEFDF00BFC8D7 /* XCRemoteSwiftPackageReference "Kingfisher" */ = {
			isa = XCRemoteSwiftPackageReference;
			repositoryURL = "https://github.com/onevcat/Kingfisher";
			requirement = {
				branch = master;
				kind = branch;
			};
		};
/* End XCRemoteSwiftPackageReference section */

/* Begin XCSwiftPackageProductDependency section */
		1D48601A27A4062900ABE381 /* FirebaseAuth */ = {
			isa = XCSwiftPackageProductDependency;
			package = 1D48601927A4062900ABE381 /* XCRemoteSwiftPackageReference "firebase-ios-sdk" */;
			productName = FirebaseAuth;
		};
		1D48601C27A4062900ABE381 /* FirebaseFirestore */ = {
			isa = XCSwiftPackageProductDependency;
			package = 1D48601927A4062900ABE381 /* XCRemoteSwiftPackageReference "firebase-ios-sdk" */;
			productName = FirebaseFirestore;
		};
		1D48601E27A4062900ABE381 /* FirebaseFirestoreSwift-Beta */ = {
			isa = XCSwiftPackageProductDependency;
			package = 1D48601927A4062900ABE381 /* XCRemoteSwiftPackageReference "firebase-ios-sdk" */;
			productName = "FirebaseFirestoreSwift-Beta";
		};
		1D48602027A4062900ABE381 /* FirebaseStorage */ = {
			isa = XCSwiftPackageProductDependency;
			package = 1D48601927A4062900ABE381 /* XCRemoteSwiftPackageReference "firebase-ios-sdk" */;
			productName = FirebaseStorage;
		};
		1D9C24C727ACEFDF00BFC8D7 /* Kingfisher */ = {
			isa = XCSwiftPackageProductDependency;
			package = 1D9C24C627ACEFDF00BFC8D7 /* XCRemoteSwiftPackageReference "Kingfisher" */;
			productName = Kingfisher;
		};
/* End XCSwiftPackageProductDependency section */
	};
	rootObject = 1D4B666F2799794F00F33EB4 /* Project object */;
}
